PODS:
  - FGIAPService (0.1.0):
    - UICKeyChainStore (~> 2.1.0)
  - UICKeyChainStore (2.1.2)

DEPENDENCIES:
  - FGIAPService (from `../`)

SPEC REPOS:
  trunk:
    - UICKeyChainStore

EXTERNAL SOURCES:
  FGIAPService:
    :path: "../"

SPEC CHECKSUMS:
  FGIAPService: d14311e3fb109622c09eb1f265207328acdcdfa1
  UICKeyChainStore: 85db518bb1d294366d15ec9b92a416c4e670518f

PODFILE CHECKSUM: 8d71de9cea3a5d3d5214d317d8c5ddcefc6333b7

COCOAPODS: 1.9.3
