PODS:
  - FGIAPService (0.4.0):
    - UICKeyChainStore (~> 2.1.0)
  - Toast (4.0.0)
  - UICKeyChainStore (2.1.2)

DEPENDENCIES:
  - FGIAPService (from `../`)
  - Toast (= 4.0.0)

SPEC REPOS:
  trunk:
    - Toast
    - UICKeyChainStore

EXTERNAL SOURCES:
  FGIAPService:
    :path: "../"

SPEC CHECKSUMS:
  FGIAPService: 1e6d94ef8af645c1b26d037ef241826b6518c0c2
  Toast: 91b396c56ee72a5790816f40d3a94dd357abc196
  UICKeyChainStore: 85db518bb1d294366d15ec9b92a416c4e670518f

PODFILE CHECKSUM: f12a5a0ab1359fff4fc7be9a2ecac97819927bd7

COCOAPODS: 1.11.2
